
Microsoft Visual Studio Solution File, Format Version 12.00
# Visual Studio Version 17
VisualStudioVersion = 17.10.34607.79
MinimumVisualStudioVersion = 10.0.40219.1
Project("{FAE04EC0-301F-11D3-BF4B-00C04F79EFBC}") = "DesafioWPF", "DesafioWPF\DesafioWPF.csproj", "{03C5FFFE-29C5-44F8-BDB8-8B08C7A0E320}"
EndProject
Global
	GlobalSection(SolutionConfigurationPlatforms) = preSolution
		Debug|Any CPU = Debug|Any CPU
		Release|Any CPU = Release|Any CPU
	EndGlobalSection
	GlobalSection(ProjectConfigurationPlatforms) = postSolution
		{03C5FFFE-29C5-44F8-BDB8-8B08C7A0E320}.Debug|Any CPU.ActiveCfg = Debug|Any CPU
		{03C5FFFE-29C5-44F8-BDB8-8B08C7A0E320}.Debug|Any CPU.Build.0 = Debug|Any CPU
		{03C5FFFE-29C5-44F8-BDB8-8B08C7A0E320}.Release|Any CPU.ActiveCfg = Release|Any CPU
		{03C5FFFE-29C5-44F8-BDB8-8B08C7A0E320}.Release|Any CPU.Build.0 = Release|Any CPU
	EndGlobalSection
	GlobalSection(SolutionProperties) = preSolution
		HideSolutionNode = FALSE
	EndGlobalSection
	GlobalSection(ExtensibilityGlobals) = postSolution
		SolutionGuid = {1E657A41-4F2F-4597-8977-6665E3EA2782}
	EndGlobalSection
EndGlobal
